
Microsoft Visual Studio Solution File, Format Version 12.00
# Visual Studio 2013
VisualStudioVersion = 12.0.40629.0
MinimumVisualStudioVersion = 10.0.40219.1
Project("{FAE04EC0-301F-11D3-BF4B-00C04F79EFBC}") = "İsTakip", "İsTakip\İsTakip.csproj", "{E6B5D871-05BC-4BFA-827C-CB522DC42EC5}"
EndProject
Project("{FAE04EC0-301F-11D3-BF4B-00C04F79EFBC}") = "Core", "Core\Core.csproj", "{C25AA917-CDEE-4C40-86DC-232E1C7FB18F}"
EndProject
Project("{FAE04EC0-301F-11D3-BF4B-00C04F79EFBC}") = "Sql", "Sql\Sql.csproj", "{9077768F-1378-45AA-A42A-7A3079318CFE}"
EndProject
Project("{FAE04EC0-301F-11D3-BF4B-00C04F79EFBC}") = "MailAktar", "MailAktar\MailAktar.csproj", "{97B43AA3-A3E2-4133-9D3E-36232F07C6C2}"
EndProject
Project("{FAE04EC0-301F-11D3-BF4B-00C04F79EFBC}") = "Enti", "Enti\Enti.csproj", "{204F982A-6A13-43B1-B074-EA58D23F1EE3}"
EndProject
Global
	GlobalSection(SolutionConfigurationPlatforms) = preSolution
		Debug|Any CPU = Debug|Any CPU
		Release|Any CPU = Release|Any CPU
	EndGlobalSection
	GlobalSection(ProjectConfigurationPlatforms) = postSolution
		{E6B5D871-05BC-4BFA-827C-CB522DC42EC5}.Debug|Any CPU.ActiveCfg = Debug|Any CPU
		{E6B5D871-05BC-4BFA-827C-CB522DC42EC5}.Debug|Any CPU.Build.0 = Debug|Any CPU
		{E6B5D871-05BC-4BFA-827C-CB522DC42EC5}.Release|Any CPU.ActiveCfg = Release|Any CPU
		{E6B5D871-05BC-4BFA-827C-CB522DC42EC5}.Release|Any CPU.Build.0 = Release|Any CPU
		{C25AA917-CDEE-4C40-86DC-232E1C7FB18F}.Debug|Any CPU.ActiveCfg = Debug|Any CPU
		{C25AA917-CDEE-4C40-86DC-232E1C7FB18F}.Debug|Any CPU.Build.0 = Debug|Any CPU
		{C25AA917-CDEE-4C40-86DC-232E1C7FB18F}.Release|Any CPU.ActiveCfg = Release|Any CPU
		{C25AA917-CDEE-4C40-86DC-232E1C7FB18F}.Release|Any CPU.Build.0 = Release|Any CPU
		{9077768F-1378-45AA-A42A-7A3079318CFE}.Debug|Any CPU.ActiveCfg = Debug|Any CPU
		{9077768F-1378-45AA-A42A-7A3079318CFE}.Debug|Any CPU.Build.0 = Debug|Any CPU
		{9077768F-1378-45AA-A42A-7A3079318CFE}.Release|Any CPU.ActiveCfg = Release|Any CPU
		{9077768F-1378-45AA-A42A-7A3079318CFE}.Release|Any CPU.Build.0 = Release|Any CPU
		{97B43AA3-A3E2-4133-9D3E-36232F07C6C2}.Debug|Any CPU.ActiveCfg = Debug|Any CPU
		{97B43AA3-A3E2-4133-9D3E-36232F07C6C2}.Debug|Any CPU.Build.0 = Debug|Any CPU
		{97B43AA3-A3E2-4133-9D3E-36232F07C6C2}.Release|Any CPU.ActiveCfg = Release|Any CPU
		{97B43AA3-A3E2-4133-9D3E-36232F07C6C2}.Release|Any CPU.Build.0 = Release|Any CPU
		{204F982A-6A13-43B1-B074-EA58D23F1EE3}.Debug|Any CPU.ActiveCfg = Debug|Any CPU
		{204F982A-6A13-43B1-B074-EA58D23F1EE3}.Debug|Any CPU.Build.0 = Debug|Any CPU
		{204F982A-6A13-43B1-B074-EA58D23F1EE3}.Release|Any CPU.ActiveCfg = Release|Any CPU
		{204F982A-6A13-43B1-B074-EA58D23F1EE3}.Release|Any CPU.Build.0 = Release|Any CPU
	EndGlobalSection
	GlobalSection(SolutionProperties) = preSolution
		HideSolutionNode = FALSE
	EndGlobalSection
EndGlobal
